# This file is @generated by PDM.
# It is not intended for manual editing.

[[package]]
name = "anyio"
version = "3.6.2"
requires_python = ">=3.6.2"
summary = "High level compatibility layer for multiple asynchronous event loop implementations"
dependencies = [
    "idna>=2.8",
    "sniffio>=1.1",
]

[[package]]
name = "certifi"
version = "2022.12.7"
requires_python = ">=3.6"
summary = "Python package for providing Mozilla's CA Bundle."

[[package]]
name = "click"
version = "8.1.3"
requires_python = ">=3.7"
summary = "Composable command line interface toolkit"
dependencies = [
    "colorama; platform_system == \"Windows\"",
]

[[package]]
name = "colorama"
version = "0.4.6"
requires_python = "!=3.0.*,!=3.1.*,!=3.2.*,!=3.3.*,!=3.4.*,!=3.5.*,!=3.6.*,>=2.7"
summary = "Cross-platform colored terminal text."

[[package]]
name = "h11"
version = "0.14.0"
requires_python = ">=3.7"
summary = "A pure-Python, bring-your-own-I/O implementation of HTTP/1.1"

[[package]]
name = "httpcore"
version = "0.17.0"
requires_python = ">=3.7"
summary = "A minimal low-level HTTP client."
dependencies = [
    "anyio<5.0,>=3.0",
    "certifi",
    "h11<0.15,>=0.13",
    "sniffio==1.*",
]

[[package]]
name = "httpx"
version = "0.24.0"
requires_python = ">=3.7"
summary = "The next generation HTTP client."
dependencies = [
    "certifi",
    "httpcore<0.18.0,>=0.15.0",
    "idna",
    "sniffio",
]

[[package]]
name = "idna"
version = "3.4"
requires_python = ">=3.5"
summary = "Internationalized Domain Names in Applications (IDNA)"

[[package]]
name = "platformdirs"
version = "3.5.0"
requires_python = ">=3.7"
summary = "A small Python package for determining appropriate platform-specific dirs, e.g. a \"user data dir\"."

[[package]]
name = "pyexecjs"
version = "1.5.1"
summary = "Run JavaScript code from Python"
dependencies = [
    "six>=1.10.0",
]

[[package]]
name = "six"
version = "1.16.0"
requires_python = ">=2.7, !=3.0.*, !=3.1.*, !=3.2.*"
summary = "Python 2 and 3 compatibility utilities"

[[package]]
name = "sniffio"
version = "1.3.0"
requires_python = ">=3.7"
summary = "Sniff out which async library your code is running under"

[[package]]
name = "tomli"
version = "2.0.1"
requires_python = ">=3.7"
summary = "A lil' TOML parser"

[metadata]
lock_version = "4.2"
groups = ["default", "dev"]
content_hash = "sha256:d8ba06ba41e352bec1619c51b6b651030f3b38b48e27f73647deccb154bf6985"

[metadata.files]
"anyio 3.6.2" = [
    {url = "https://pypi.tuna.tsinghua.edu.cn/packages/77/2b/b4c0b7a3f3d61adb1a1e0b78f90a94e2b6162a043880704b7437ef297cad/anyio-3.6.2-py3-none-any.whl", hash = "sha256:fbbe32bd270d2a2ef3ed1c5d45041250284e31fc0a4df4a5a6071842051a51e3"},
    {url = "https://pypi.tuna.tsinghua.edu.cn/packages/8b/94/6928d4345f2bc1beecbff03325cad43d320717f51ab74ab5a571324f4f5a/anyio-3.6.2.tar.gz", hash = "sha256:25ea0d673ae30af41a0c442f81cf3b38c7e79fdc7b60335a4c14e05eb0947421"},
]
"certifi 2022.12.7" = [
    {url = "https://pypi.tuna.tsinghua.edu.cn/packages/37/f7/2b1b0ec44fdc30a3d31dfebe52226be9ddc40cd6c0f34ffc8923ba423b69/certifi-2022.12.7.tar.gz", hash = "sha256:35824b4c3a97115964b408844d64aa14db1cc518f6562e8d7261699d1350a9e3"},
    {url = "https://pypi.tuna.tsinghua.edu.cn/packages/71/4c/3db2b8021bd6f2f0ceb0e088d6b2d49147671f25832fb17970e9b583d742/certifi-2022.12.7-py3-none-any.whl", hash = "sha256:4ad3232f5e926d6718ec31cfc1fcadfde020920e278684144551c91769c7bc18"},
]
"click 8.1.3" = [
    {url = "https://pypi.tuna.tsinghua.edu.cn/packages/59/87/84326af34517fca8c58418d148f2403df25303e02736832403587318e9e8/click-8.1.3.tar.gz", hash = "sha256:7682dc8afb30297001674575ea00d1814d808d6a36af415a82bd481d37ba7b8e"},
    {url = "https://pypi.tuna.tsinghua.edu.cn/packages/c2/f1/df59e28c642d583f7dacffb1e0965d0e00b218e0186d7858ac5233dce840/click-8.1.3-py3-none-any.whl", hash = "sha256:bb4d8133cb15a609f44e8213d9b391b0809795062913b383c62be0ee95b1db48"},
]
"colorama 0.4.6" = [
    {url = "https://pypi.tuna.tsinghua.edu.cn/packages/d1/d6/3965ed04c63042e047cb6a3e6ed1a63a35087b6a609aa3a15ed8ac56c221/colorama-0.4.6-py2.py3-none-any.whl", hash = "sha256:4f1d9991f5acc0ca119f9d443620b77f9d6b33703e51011c16baf57afb285fc6"},
    {url = "https://pypi.tuna.tsinghua.edu.cn/packages/d8/53/6f443c9a4a8358a93a6792e2acffb9d9d5cb0a5cfd8802644b7b1c9a02e4/colorama-0.4.6.tar.gz", hash = "sha256:08695f5cb7ed6e0531a20572697297273c47b8cae5a63ffc6d6ed5c201be6e44"},
]
"h11 0.14.0" = [
    {url = "https://pypi.tuna.tsinghua.edu.cn/packages/95/04/ff642e65ad6b90db43e668d70ffb6736436c7ce41fcc549f4e9472234127/h11-0.14.0-py3-none-any.whl", hash = "sha256:e3fe4ac4b851c468cc8363d500db52c2ead036020723024a109d37346efaa761"},
    {url = "https://pypi.tuna.tsinghua.edu.cn/packages/f5/38/3af3d3633a34a3316095b39c8e8fb4853a28a536e55d347bd8d8e9a14b03/h11-0.14.0.tar.gz", hash = "sha256:8f19fbbe99e72420ff35c00b27a34cb9937e902a8b810e2c88300c6f0a3b699d"},
]
"httpcore 0.17.0" = [
    {url = "https://pypi.tuna.tsinghua.edu.cn/packages/41/16/c809655d32fd93e688b9e2a1aaba1008118369d1eda00818f6f65eb509f8/httpcore-0.17.0.tar.gz", hash = "sha256:cc045a3241afbf60ce056202301b4d8b6af08845e3294055eb26b09913ef903c"},
    {url = "https://pypi.tuna.tsinghua.edu.cn/packages/6c/39/05ebe30333ec66bba849d3c25c85d759b94c43bb03b2222de051c50d4390/httpcore-0.17.0-py3-none-any.whl", hash = "sha256:0fdfea45e94f0c9fd96eab9286077f9ff788dd186635ae61b312693e4d943599"},
]
"httpx 0.24.0" = [
    {url = "https://pypi.tuna.tsinghua.edu.cn/packages/4e/c1/692013f1e6115a061a14f6c7d05947515a1eb7b85ef6e9bf0ffbf0e92738/httpx-0.24.0-py3-none-any.whl", hash = "sha256:447556b50c1921c351ea54b4fe79d91b724ed2b027462ab9a329465d147d5a4e"},
    {url = "https://pypi.tuna.tsinghua.edu.cn/packages/ae/23/f7beaf11a8b95fc173b8979c4bfd23ea7711c5ebd458d657d24a59df7e9f/httpx-0.24.0.tar.gz", hash = "sha256:507d676fc3e26110d41df7d35ebd8b3b8585052450f4097401c9be59d928c63e"},
]
"idna 3.4" = [
    {url = "https://pypi.tuna.tsinghua.edu.cn/packages/8b/e1/43beb3d38dba6cb420cefa297822eac205a277ab43e5ba5d5c46faf96438/idna-3.4.tar.gz", hash = "sha256:814f528e8dead7d329833b91c5faa87d60bf71824cd12a7530b5526063d02cb4"},
    {url = "https://pypi.tuna.tsinghua.edu.cn/packages/fc/34/3030de6f1370931b9dbb4dad48f6ab1015ab1d32447850b9fc94e60097be/idna-3.4-py3-none-any.whl", hash = "sha256:90b77e79eaa3eba6de819a0c442c0b4ceefc341a7a2ab77d7562bf49f425c5c2"},
]
"platformdirs 3.5.0" = [
    {url = "https://pypi.tuna.tsinghua.edu.cn/packages/91/17/3836ffe140abb245726d0e21c5b9b984e2569e7027c20d12e969ec69bd8a/platformdirs-3.5.0.tar.gz", hash = "sha256:7954a68d0ba23558d753f73437c55f89027cf8f5108c19844d4b82e5af396335"},
    {url = "https://pypi.tuna.tsinghua.edu.cn/packages/ce/cf/279b73aae00f7ba9d5d7664156ef323ebbf16fb556285bb223ecc45031aa/platformdirs-3.5.0-py3-none-any.whl", hash = "sha256:47692bc24c1958e8b0f13dd727307cff1db103fca36399f457da8e05f222fdc4"},
]
"pyexecjs 1.5.1" = [
    {url = "https://pypi.tuna.tsinghua.edu.cn/packages/ba/8e/aedef81641c8dca6fd0fb7294de5bed9c45f3397d67fddf755c1042c2642/PyExecJS-1.5.1.tar.gz", hash = "sha256:34cc1d070976918183ff7bdc0ad71f8157a891c92708c00c5fbbff7a769f505c"},
]
"six 1.16.0" = [
    {url = "https://pypi.tuna.tsinghua.edu.cn/packages/71/39/171f1c67cd00715f190ba0b100d606d440a28c93c7714febeca8b79af85e/six-1.16.0.tar.gz", hash = "sha256:1e61c37477a1626458e36f7b1d82aa5c9b094fa4802892072e49de9c60c4c926"},
    {url = "https://pypi.tuna.tsinghua.edu.cn/packages/d9/5a/e7c31adbe875f2abbb91bd84cf2dc52d792b5a01506781dbcf25c91daf11/six-1.16.0-py2.py3-none-any.whl", hash = "sha256:8abb2f1d86890a2dfb989f9a77cfcfd3e47c2a354b01111771326f8aa26e0254"},
]
"sniffio 1.3.0" = [
    {url = "https://pypi.tuna.tsinghua.edu.cn/packages/c3/a0/5dba8ed157b0136607c7f2151db695885606968d1fae123dc3391e0cfdbf/sniffio-1.3.0-py3-none-any.whl", hash = "sha256:eecefdce1e5bbfb7ad2eeaabf7c1eeb404d7757c379bd1f7e5cce9d8bf425384"},
    {url = "https://pypi.tuna.tsinghua.edu.cn/packages/cd/50/d49c388cae4ec10e8109b1b833fd265511840706808576df3ada99ecb0ac/sniffio-1.3.0.tar.gz", hash = "sha256:e60305c5e5d314f5389259b7f22aaa33d8f7dee49763119234af3755c55b9101"},
]
"tomli 2.0.1" = [
    {url = "https://pypi.tuna.tsinghua.edu.cn/packages/97/75/10a9ebee3fd790d20926a90a2547f0bf78f371b2f13aa822c759680ca7b9/tomli-2.0.1-py3-none-any.whl", hash = "sha256:939de3e7a6161af0c887ef91b7d41a53e7c5a1ca976325f429cb46ea9bc30ecc"},
    {url = "https://pypi.tuna.tsinghua.edu.cn/packages/c0/3f/d7af728f075fb08564c5949a9c95e44352e23dee646869fa104a3b2060a3/tomli-2.0.1.tar.gz", hash = "sha256:de526c12914f0c550d15924c62d72abc48d6fe7364aa87328337a31007fe8a4f"},
]
